
Microsoft Visual Studio Solution File, Format Version 12.00
# Visual Studio Version 17
VisualStudioVersion = 17.0.31903.59
MinimumVisualStudioVersion = 10.0.40219.1
Project("{FAE04EC0-301F-11D3-BF4B-00C04F79EFBC}") = "MediaIdade", "MediaIdade\MediaIdade.csproj", "{B8306702-5923-4432-97E4-B943866540F9}"
EndProject
Global
	GlobalSection(SolutionConfigurationPlatforms) = preSolution
		Debug|Any CPU = Debug|Any CPU
		Release|Any CPU = Release|Any CPU
	EndGlobalSection
	GlobalSection(ProjectConfigurationPlatforms) = postSolution
		{B8306702-5923-4432-97E4-B943866540F9}.Debug|Any CPU.ActiveCfg = Debug|Any CPU
		{B8306702-5923-4432-97E4-B943866540F9}.Debug|Any CPU.Build.0 = Debug|Any CPU
		{B8306702-5923-4432-97E4-B943866540F9}.Release|Any CPU.ActiveCfg = Release|Any CPU
		{B8306702-5923-4432-97E4-B943866540F9}.Release|Any CPU.Build.0 = Release|Any CPU
	EndGlobalSection
	GlobalSection(SolutionProperties) = preSolution
		HideSolutionNode = FALSE
	EndGlobalSection
	GlobalSection(ExtensibilityGlobals) = postSolution
		SolutionGuid = {BA6DCDC9-D6AF-47D1-8BD6-FF9747D92E1B}
	EndGlobalSection
EndGlobal
